
Microsoft Visual Studio Solution File, Format Version 12.00
# Visual Studio Version 16
VisualStudioVersion = 16.0.810.13
MinimumVisualStudioVersion = 10.0.40219.1
Project("{FAE04EC0-301F-11D3-BF4B-00C04F79EFBC}") = "Purchase", "Purchase\Purchase.csproj", "{6C040A7A-7EF0-4B68-ADB6-A8B95E278B42}"
EndProject
Project("{FAE04EC0-301F-11D3-BF4B-00C04F79EFBC}") = "PurchaseBlazor", "PurchaseBlazor\PurchaseBlazor.csproj", "{A4599B1E-3AAA-44BA-B412-85C7FB5E4326}"
EndProject
Global
	GlobalSection(SolutionConfigurationPlatforms) = preSolution
		Debug|Any CPU = Debug|Any CPU
		Release|Any CPU = Release|Any CPU
	EndGlobalSection
	GlobalSection(ProjectConfigurationPlatforms) = postSolution
		{6C040A7A-7EF0-4B68-ADB6-A8B95E278B42}.Debug|Any CPU.ActiveCfg = Debug|Any CPU
		{6C040A7A-7EF0-4B68-ADB6-A8B95E278B42}.Debug|Any CPU.Build.0 = Debug|Any CPU
		{6C040A7A-7EF0-4B68-ADB6-A8B95E278B42}.Release|Any CPU.ActiveCfg = Release|Any CPU
		{6C040A7A-7EF0-4B68-ADB6-A8B95E278B42}.Release|Any CPU.Build.0 = Release|Any CPU
		{A4599B1E-3AAA-44BA-B412-85C7FB5E4326}.Debug|Any CPU.ActiveCfg = Debug|Any CPU
		{A4599B1E-3AAA-44BA-B412-85C7FB5E4326}.Debug|Any CPU.Build.0 = Debug|Any CPU
		{A4599B1E-3AAA-44BA-B412-85C7FB5E4326}.Release|Any CPU.ActiveCfg = Release|Any CPU
		{A4599B1E-3AAA-44BA-B412-85C7FB5E4326}.Release|Any CPU.Build.0 = Release|Any CPU
	EndGlobalSection
	GlobalSection(SolutionProperties) = preSolution
		HideSolutionNode = FALSE
	EndGlobalSection
	GlobalSection(ExtensibilityGlobals) = postSolution
		SolutionGuid = {3D34BEA6-830E-469B-8361-AEB4B50B2D9C}
	EndGlobalSection
EndGlobal
